# This file is autogenerated, do not edit; changes may be undone by the next 'dep ensure'.


[[projects]]
  digest = "1:3d3da1dd49a4492069391f9ae0c3e39a8b6e96fb5e8b3e5bbfb8d4820e8d4c36"
  name = "github.com/antihax/optional"
  packages = ["."]
  pruneopts = ""
  revision = "c3f0ba9c1a592b971d66b2787679af55b5c58f21"
  version = "v1.0.0"

[[projects]]
  digest = "1:116d777f2a29f31d38779214ecc9d91937201c406f710614a78811fc2602c620"
  name = "github.com/aws/aws-lambda-go"
  packages = [
    "events",
    "lambda",
    "lambda/handlertrace",
    "lambda/messages",
    "lambdacontext",
  ]
  pruneopts = ""
  revision = "b03d958110de656174675d8f88049be607e57b0f"
  version = "v1.14.0"

[[projects]]
  digest = "1:232da37b3204bcdb01af3df45982d154798e191b4d94357191d164e254070771"
  name = "github.com/golang/protobuf"
  packages = ["proto"]
  pruneopts = ""
  revision = "d23c5127dc24889085f8ccea5c9d560a57a879d8"
  version = "v1.3.3"

[[projects]]
  digest = "1:03168f6041f164c06dc6acaaab4ed3ad1c6088b717c365cec892b35c80f4ffc7"
  name = "github.com/gorilla/websocket"
  packages = ["."]
  pruneopts = ""
  revision = "c3e18be99d19e6b3e8f1559eea2c161a665c4b6b"
  version = "v1.4.1"

[[projects]]
  digest = "1:c45802472e0c06928cd997661f2af610accd85217023b1d5f6331bebce0671d3"
  name = "github.com/pkg/errors"
  packages = ["."]
  pruneopts = ""
  revision = "614d223910a179a466c1767a985424175c39b465"
  version = "v0.9.1"

[[projects]]
  digest = "1:a967d30b23ea3fd3d6c0e1668790eb77737c2de29819fe6dc0475476c5ed66d2"
  name = "github.com/slack-go/slack"
  packages = [
    ".",
    "internal/errorsx",
    "internal/timex",
    "slackevents",
    "slackutilsx",
  ]
  pruneopts = ""
  revision = "17f514edaa4b964ebbbc7f62c6522d0ca2dc16b3"
  version = "v0.6.2"

[[projects]]
  branch = "master"
  digest = "1:7a47c042d49394c27885a5012e828e2c31cc12838b35aa546fd823aa224d3d51"
  name = "golang.org/x/net"
  packages = [
    "context",
    "context/ctxhttp",
  ]
  pruneopts = ""
  revision = "46282727080fcf56da5781d0a9ef2fda184be5e6"

[[projects]]
  branch = "master"
  digest = "1:571c7f844acf3c916ac5997f82f227c49a38490f1fca65afd47d64d188ced96e"
  name = "golang.org/x/oauth2"
  packages = [
    ".",
    "internal",
  ]
  pruneopts = ""
  revision = "bf48bf16ab8d622ce64ec6ce98d2c98f916b6303"

[[projects]]
  digest = "1:c4404231035fad619a12f82ae3f0f8f9edc1cc7f34e7edad7a28ccac5336cc96"
  name = "google.golang.org/appengine"
  packages = [
    "internal",
    "internal/base",
    "internal/datastore",
    "internal/log",
    "internal/remote_api",
    "internal/urlfetch",
    "urlfetch",
  ]
  pruneopts = ""
  revision = "971852bfffca25b069c31162ae8f247a3dba083b"
  version = "v1.6.5"

[solve-meta]
  analyzer-name = "dep"
  analyzer-version = 1
  input-imports = [
    "github.com/antihax/optional",
    "github.com/aws/aws-lambda-go/events",
    "github.com/aws/aws-lambda-go/lambda",
    "github.com/pkg/errors",
    "github.com/slack-go/slack",
    "github.com/slack-go/slack/slackevents",
    "golang.org/x/oauth2",
  ]
  solver-name = "gps-cdcl"
  solver-version = 1
