# This file is autogenerated, do not edit; changes may be undone by the next 'dep ensure'.


[[projects]]
  digest = "1:e62657cca9badaa308d86e7716083e4c5933bb78e30a17743fc67f50be26f6f4"
  name = "github.com/gorilla/websocket"
  packages = ["."]
  pruneopts = "UT"
  revision = "c3e18be99d19e6b3e8f1559eea2c161a665c4b6b"
  version = "v1.4.1"

[[projects]]
  digest = "1:9e1d37b58d17113ec3cb5608ac0382313c5b59470b94ed97d0976e69c7022314"
  name = "github.com/pkg/errors"
  packages = ["."]
  pruneopts = "UT"
  revision = "614d223910a179a466c1767a985424175c39b465"
  version = "v0.9.1"

[[projects]]
  digest = "1:5a4c039559035062f7e6dc1095a6fea824623df18058d57ad33ff34e03153f08"
  name = "github.com/slack-go/slack"
  packages = [
    ".",
    "internal/errorsx",
    "internal/timex",
    "slackevents",
    "slackutilsx",
  ]
  pruneopts = "UT"
  revision = "17f514edaa4b964ebbbc7f62c6522d0ca2dc16b3"
  version = "v0.6.2"

[solve-meta]
  analyzer-name = "dep"
  analyzer-version = 1
  input-imports = ["github.com/slack-go/slack/slackevents"]
  solver-name = "gps-cdcl"
  solver-version = 1
